
Microsoft Visual Studio Solution File, Format Version 12.00
# Visual Studio Version 16
VisualStudioVersion = 16.0.31019.35
MinimumVisualStudioVersion = 10.0.40219.1
Project("{FAE04EC0-301F-11D3-BF4B-00C04F79EFBC}") = "CalendarioPED", "CalendarioPED\CalendarioPED.csproj", "{7EC94D3E-6DB3-4361-9A76-9F29FD727AAF}"
EndProject
Global
	GlobalSection(SolutionConfigurationPlatforms) = preSolution
		Debug|Any CPU = Debug|Any CPU
		Release|Any CPU = Release|Any CPU
	EndGlobalSection
	GlobalSection(ProjectConfigurationPlatforms) = postSolution
		{7EC94D3E-6DB3-4361-9A76-9F29FD727AAF}.Debug|Any CPU.ActiveCfg = Debug|Any CPU
		{7EC94D3E-6DB3-4361-9A76-9F29FD727AAF}.Debug|Any CPU.Build.0 = Debug|Any CPU
		{7EC94D3E-6DB3-4361-9A76-9F29FD727AAF}.Release|Any CPU.ActiveCfg = Release|Any CPU
		{7EC94D3E-6DB3-4361-9A76-9F29FD727AAF}.Release|Any CPU.Build.0 = Release|Any CPU
	EndGlobalSection
	GlobalSection(SolutionProperties) = preSolution
		HideSolutionNode = FALSE
	EndGlobalSection
	GlobalSection(ExtensibilityGlobals) = postSolution
		SolutionGuid = {8799CFA4-BEB4-4458-BD2E-F285B31EEEBA}
	EndGlobalSection
EndGlobal
